
Microsoft Visual Studio Solution File, Format Version 12.00
# Visual Studio Version 17
VisualStudioVersion = 17.3.32901.215
MinimumVisualStudioVersion = 10.0.40219.1
Project("{9A19103F-16F7-4668-BE54-9A1E7A4F7556}") = "MagicVilla.VillaAPI", "MagicVilla.VillaAPI\MagicVilla.VillaAPI.csproj", "{30BEC529-C728-4FDA-BAE8-EE6A946DC5F9}"
EndProject
Project("{2150E333-8FDC-42A3-9474-1A3956D46DE8}") = "Solution Items", "Solution Items", "{A4E79EAE-1B8C-4E54-BE45-B9AE2622B502}"
	ProjectSection(SolutionItems) = preProject
		.editorconfig = .editorconfig
	EndProjectSection
EndProject
Project("{FAE04EC0-301F-11D3-BF4B-00C04F79EFBC}") = "MagicVilla_Web", "MagicVilla_Web\MagicVilla_Web.csproj", "{08C752EA-DBD3-4495-8482-72106AD1826E}"
EndProject
Project("{FAE04EC0-301F-11D3-BF4B-00C04F79EFBC}") = "MagicVilla_Utility", "MagicVilla_Utility\MagicVilla_Utility.csproj", "{96D5141C-5DC2-43F1-B7C3-6C1334CD4E05}"
EndProject
Global
	GlobalSection(SolutionConfigurationPlatforms) = preSolution
		Debug|Any CPU = Debug|Any CPU
		Release|Any CPU = Release|Any CPU
	EndGlobalSection
	GlobalSection(ProjectConfigurationPlatforms) = postSolution
		{30BEC529-C728-4FDA-BAE8-EE6A946DC5F9}.Debug|Any CPU.ActiveCfg = Debug|Any CPU
		{30BEC529-C728-4FDA-BAE8-EE6A946DC5F9}.Debug|Any CPU.Build.0 = Debug|Any CPU
		{30BEC529-C728-4FDA-BAE8-EE6A946DC5F9}.Release|Any CPU.ActiveCfg = Release|Any CPU
		{30BEC529-C728-4FDA-BAE8-EE6A946DC5F9}.Release|Any CPU.Build.0 = Release|Any CPU
		{08C752EA-DBD3-4495-8482-72106AD1826E}.Debug|Any CPU.ActiveCfg = Debug|Any CPU
		{08C752EA-DBD3-4495-8482-72106AD1826E}.Debug|Any CPU.Build.0 = Debug|Any CPU
		{08C752EA-DBD3-4495-8482-72106AD1826E}.Release|Any CPU.ActiveCfg = Release|Any CPU
		{08C752EA-DBD3-4495-8482-72106AD1826E}.Release|Any CPU.Build.0 = Release|Any CPU
		{96D5141C-5DC2-43F1-B7C3-6C1334CD4E05}.Debug|Any CPU.ActiveCfg = Debug|Any CPU
		{96D5141C-5DC2-43F1-B7C3-6C1334CD4E05}.Debug|Any CPU.Build.0 = Debug|Any CPU
		{96D5141C-5DC2-43F1-B7C3-6C1334CD4E05}.Release|Any CPU.ActiveCfg = Release|Any CPU
		{96D5141C-5DC2-43F1-B7C3-6C1334CD4E05}.Release|Any CPU.Build.0 = Release|Any CPU
	EndGlobalSection
	GlobalSection(SolutionProperties) = preSolution
		HideSolutionNode = FALSE
	EndGlobalSection
	GlobalSection(ExtensibilityGlobals) = postSolution
		SolutionGuid = {2806DA12-CEE2-4962-BCF2-CAC7B1946BEC}
	EndGlobalSection
EndGlobal
